{
  "requires": true,
  "lockfileVersion": 1,
  "dependencies": {
    "dynamodb-driver": {
      "version": "file:../../../modules/dynamodb-driver-1.0.0.tgz",
      "integrity": "sha512-traIPkLbXjeNHs5RO1HjQQ7oTSSLNiNVq04WbziE0LRnW2Ii3uGfNT181eiq8y7ATt3e1nBY6wJRCcRv5XTrAA==",
      "requires": {
        "uuid": "^7.0.2"
      }
    },
    "uuid": {
      "version": "7.0.2",
      "resolved": "https://registry.npmjs.org/uuid/-/uuid-7.0.2.tgz",
      "integrity": "sha512-vy9V/+pKG+5ZTYKf+VcphF5Oc6EFiu3W8Nv3P3zIh0EqVI80ZxOzuPfe9EHjkFNvf8+xuTHVeei4Drydlx4zjw=="
    }
  }
}
