{
  "requires": true,
  "lockfileVersion": 1,
  "dependencies": {
    "edp-schema": {
      "version": "file:../../../modules/edp-schema-1.0.0.tgz",
      "integrity": "sha512-CbUA68r3aoBEKsgBM0z/dd3nDVdJnaLIH0XSJI3q+DFfk5mQp3EG/9uBhNiSm37b9DY3LbJ8YD0EDZTd1KVqjg==",
      "requires": {
        "jsonschema": "^1.2.5"
      }
    },
    "jsonschema": {
      "version": "1.2.5",
      "resolved": "https://registry.npmjs.org/jsonschema/-/jsonschema-1.2.5.tgz",
      "integrity": "sha512-kVTF+08x25PQ0CjuVc0gRM9EUPb0Fe9Ln/utFOgcdxEIOHuU7ooBk/UPTd7t1M91pP35m0MU1T8M5P7vP1bRRw=="
    }
  }
}
